
Microsoft Visual Studio Solution File, Format Version 12.00
# Visual Studio Version 17
VisualStudioVersion = 17.9.34723.18
MinimumVisualStudioVersion = 10.0.40219.1
Project("{FAE04EC0-301F-11D3-BF4B-00C04F79EFBC}") = "ReadTerritoriumFiles", "ReadTerritoriumFiles.csproj", "{53DA8A91-F1E1-417B-A001-A6DFDB52148D}"
EndProject
Project("{FAE04EC0-301F-11D3-BF4B-00C04F79EFBC}") = "Cetap_Classes", "..\Cetap_Classes\Cetap_Classes.csproj", "{F5C498A9-5C1C-4F4C-ADF4-FB90C7A8C6B0}"
EndProject
Global
	GlobalSection(SolutionConfigurationPlatforms) = preSolution
		Debug|Any CPU = Debug|Any CPU
		Release|Any CPU = Release|Any CPU
	EndGlobalSection
	GlobalSection(ProjectConfigurationPlatforms) = postSolution
		{53DA8A91-F1E1-417B-A001-A6DFDB52148D}.Debug|Any CPU.ActiveCfg = Debug|Any CPU
		{53DA8A91-F1E1-417B-A001-A6DFDB52148D}.Debug|Any CPU.Build.0 = Debug|Any CPU
		{53DA8A91-F1E1-417B-A001-A6DFDB52148D}.Release|Any CPU.ActiveCfg = Release|Any CPU
		{53DA8A91-F1E1-417B-A001-A6DFDB52148D}.Release|Any CPU.Build.0 = Release|Any CPU
		{F5C498A9-5C1C-4F4C-ADF4-FB90C7A8C6B0}.Debug|Any CPU.ActiveCfg = Debug|Any CPU
		{F5C498A9-5C1C-4F4C-ADF4-FB90C7A8C6B0}.Debug|Any CPU.Build.0 = Debug|Any CPU
		{F5C498A9-5C1C-4F4C-ADF4-FB90C7A8C6B0}.Release|Any CPU.ActiveCfg = Release|Any CPU
		{F5C498A9-5C1C-4F4C-ADF4-FB90C7A8C6B0}.Release|Any CPU.Build.0 = Release|Any CPU
	EndGlobalSection
	GlobalSection(SolutionProperties) = preSolution
		HideSolutionNode = FALSE
	EndGlobalSection
	GlobalSection(ExtensibilityGlobals) = postSolution
		SolutionGuid = {915A9AE8-90A3-4408-B3FD-FE8684A411A1}
	EndGlobalSection
EndGlobal
